
Microsoft Visual Studio Solution File, Format Version 11.00
# Visual Studio 2010
Project("{F184B08F-C81C-45F6-A57F-5ABD9991F28F}") = "下载配置文件", "下载配置文件\下载配置文件.vbproj", "{30858EC8-43FD-4C2E-9807-9C90B52CC1CA}"
EndProject
Global
	GlobalSection(SolutionConfigurationPlatforms) = preSolution
		Debug|Any CPU = Debug|Any CPU
		Debug|x86 = Debug|x86
		Release|Any CPU = Release|Any CPU
		Release|x86 = Release|x86
	EndGlobalSection
	GlobalSection(ProjectConfigurationPlatforms) = postSolution
		{30858EC8-43FD-4C2E-9807-9C90B52CC1CA}.Debug|Any CPU.ActiveCfg = Debug|Any CPU
		{30858EC8-43FD-4C2E-9807-9C90B52CC1CA}.Debug|Any CPU.Build.0 = Debug|Any CPU
		{30858EC8-43FD-4C2E-9807-9C90B52CC1CA}.Debug|x86.ActiveCfg = Debug|x86
		{30858EC8-43FD-4C2E-9807-9C90B52CC1CA}.Debug|x86.Build.0 = Debug|x86
		{30858EC8-43FD-4C2E-9807-9C90B52CC1CA}.Release|Any CPU.ActiveCfg = Release|Any CPU
		{30858EC8-43FD-4C2E-9807-9C90B52CC1CA}.Release|Any CPU.Build.0 = Release|Any CPU
		{30858EC8-43FD-4C2E-9807-9C90B52CC1CA}.Release|x86.ActiveCfg = Release|x86
		{30858EC8-43FD-4C2E-9807-9C90B52CC1CA}.Release|x86.Build.0 = Release|x86
	EndGlobalSection
	GlobalSection(SolutionProperties) = preSolution
		HideSolutionNode = FALSE
	EndGlobalSection
EndGlobal
