
Microsoft Visual Studio Solution File, Format Version 11.00
# Visual Studio 2010
Project("{FAE04EC0-301F-11D3-BF4B-00C04F79EFBC}") = "下载EtherCAT配置文件", "下载EtherCAT配置文件\下载EtherCAT配置文件.csproj", "{D613C122-9562-4DA4-B733-451462FB700F}"
EndProject
Global
	GlobalSection(SolutionConfigurationPlatforms) = preSolution
		Debug|x86 = Debug|x86
		Release|x86 = Release|x86
	EndGlobalSection
	GlobalSection(ProjectConfigurationPlatforms) = postSolution
		{D613C122-9562-4DA4-B733-451462FB700F}.Debug|x86.ActiveCfg = Debug|x86
		{D613C122-9562-4DA4-B733-451462FB700F}.Debug|x86.Build.0 = Debug|x86
		{D613C122-9562-4DA4-B733-451462FB700F}.Release|x86.ActiveCfg = Release|x86
		{D613C122-9562-4DA4-B733-451462FB700F}.Release|x86.Build.0 = Release|x86
	EndGlobalSection
	GlobalSection(SolutionProperties) = preSolution
		HideSolutionNode = FALSE
	EndGlobalSection
EndGlobal
